{
  "name": "frontend",
  "version": "0.1.0",
  "lockfileVersion": 3,
  "requires": true,
  "packages": {
    "": {
      "name": "frontend",
      "version": "0.1.0",
      "dependencies": {
        "@emotion/react": "^11.14.0",
        "@emotion/styled": "^11.14.0",
        "@mui/icons-material": "^7.0.1",
        "@mui/material": "^7.1.0",
        "@reduxjs/toolkit": "^2.6.1",
        "@stomp/stompjs": "^7.1.1",
        "@testing-library/dom": "^10.4.0",
        "@testing-library/jest-dom": "^6.6.3",
        "@testing-library/react": "^16.2.0",
        "@testing-library/user-event": "^13.5.0",
        "@types/jest": "^27.5.2",
        "@types/node": "^22.13.1",
        "@types/react": "^19.1.5",
        "@types/react-dom": "^19.1.5",
        "@types/uuid": "^10.0.0",
        "axios": "^1.12.0",
        "react": "^19.1.0",
        "react-dom": "^19.1.0",
        "react-redux": "^9.2.0",
        "react-router-dom": "^7.6.0",
        "socket.io-client": "^4.8.1",
        "sockjs-client": "^1.6.1",
        "uuid": "^11.1.0",
        "web-vitals": "^2.1.4"
      },
      "devDependencies": {
        "@types/lodash": "^4.17.16",
        "@types/sockjs-client": "^1.5.4",
        "@vitejs/plugin-react": "^6.0.3",
        "typescript": "^5.9.3",
        "vite": "^8.1.3"
      }
    },
    "node_modules/@adobe/css-tools": {
      "version": "4.4.2",
      "resolved": "https://registry.npmjs.org/@adobe/css-tools/-/css-tools-4.4.2.tgz",
      "integrity": "sha512-baYZExFpsdkBNuvGKTKWCwKH57HRZLVtycZS05WTQNVOiXVSeAki3nU35zlRbToeMW8aHlJfyS+1C4BOv27q0A==",
      "license": "MIT"
    },
    "node_modules/@babel/code-frame": {
      "version": "7.29.7",
      "resolved": "https://registry.npmjs.org/@babel/code-frame/-/code-frame-7.29.7.tgz",
      "integrity": "sha512-Aup7aUOfpbAUg2ROOJN6Iw5f9DMBlzu0mIkm/malLQFN/YQgO48wCj0Kxa3sEHJvPVFg7siR+qRInwXd2qhQKw==",
      "license": "MIT",
      "dependencies": {
        "@babel/helper-validator-identifier": "^7.29.7",
        "js-tokens": "^4.0.0",
        "picocolors": "^1.1.1"
      },
      "engines": {
        "node": ">=6.9.0"
      }
    },
    "node_modules/@babel/generator": {
      "version": "7.29.7",
      "resolved": "https://registry.npmjs.org/@babel/generator/-/generator-7.29.7.tgz",
      "integrity": "sha512-DkXD5OJQaAQIdZ1bt3UZdEnHAn9Imd3IVBdX03UFe+ony9Ojw5pzr9YVKGDY1jt+Gcn/FnGkNf8r+Vj5NOJWtQ==",
      "license": "MIT",
      "dependencies": {
        "@babel/parser": "^7.29.7",
        "@babel/types": "^7.29.7",
        "@jridgewell/gen-mapping": "^0.3.12",
        "@jridgewell/trace-mapping": "^0.3.28",
        "jsesc": "^3.0.2"
      },
      "engines": {
        "node": ">=6.9.0"
      }
    },
    "node_modules/@babel/helper-globals": {
      "version": "7.29.7",
      "resolved": "https://registry.npmjs.org/@babel/helper-globals/-/helper-globals-7.29.7.tgz",
      "integrity": "sha512-3nQVUAtvkKH9zahfWgw96Jc/uFOmjACE1kQz82E2lqWmHBgjzbNlsC22nuQTfahmWeQtTq5nQ/4Nnd2A1wj4zA==",
      "license": "MIT",
      "engines": {
        "node": ">=6.9.0"
      }
    },
    "node_modules/@babel/helper-module-imports": {
      "version": "7.29.7",
      "resolved": "https://registry.npmjs.org/@babel/helper-module-imports/-/helper-module-imports-7.29.7.tgz",
      "integrity": "sha512-ejHwrQQYcm9xnTivShn2IDOlIzInN34AXskvq9QicvCtEzq1Vzclu/tKF8Jq1Cg8JG2GL6/EmjgsCT7lXepE3g==",
      "license": "MIT",
      "dependencies": {
        "@babel/traverse": "^7.29.7",
        "@babel/types": "^7.29.7"
      },
      "engines": {
        "node": ">=6.9.0"
      }
    },
    "node_modules/@babel/helper-string-parser": {
      "version": "7.29.7",
      "resolved": "https://registry.npmjs.org/@babel/helper-string-parser/-/helper-string-parser-7.29.7.tgz",
      "integrity": "sha512-Pb5ijPrZ89GDH8223L4UP8i6QApWxs04RbPQJTeWDV0/keR2E36MeKnyr6LYmUUvqRRI+Iv87SuF1W6ErINzYw==",
      "license": "MIT",
      "engines": {
        "node": ">=6.9.0"
      }
    },
    "node_modules/@babel/helper-validator-identifier": {
      "version": "7.29.7",
      "resolved": "https://registry.npmjs.org/@babel/helper-validator-identifier/-/helper-validator-identifier-7.29.7.tgz",
      "integrity": "sha512-qehxGkRj55h/ff8EMaJ+cYhyaKlHIxqYDn682wQD7RNp9UujOQsHog2uS0r2vzr4pW+sXf90NeeayjcNaX3fFg==",
      "license": "MIT",
      "engines": {
        "node": ">=6.9.0"
      }
    },
    "node_modules/@babel/parser": {
      "version": "7.29.7",
      "resolved": "https://registry.npmjs.org/@babel/parser/-/parser-7.29.7.tgz",
      "integrity": "sha512-hnORnjP/1P/zFEndoeX+n+t1RwWRJiJpM/jO7FW32Kn9r5+sJB2JWOdYo4L6k78j15eCwY3Gm/7364B1EMwtNg==",
      "license": "MIT",
      "dependencies": {
        "@babel/types": "^7.29.7"
      },
      "bin": {
        "parser": "bin/babel-parser.js"
      },
      "engines": {
        "node": ">=6.0.0"
      }
    },
    "node_modules/@babel/runtime": {
      "version": "7.27.1",
      "resolved": "https://registry.npmjs.org/@babel/runtime/-/runtime-7.27.1.tgz",
      "integrity": "sha512-1x3D2xEk2fRo3PAhwQwu5UubzgiVWSXTBfWpVd2Mx2AzRqJuDJCsgaDVZ7HB5iGzDW1Hl1sWN2mFyKjmR9uAog==",
      "license": "MIT",
      "engines": {
        "node": ">=6.9.0"
      }
    },
    "node_modules/@babel/template": {
      "version": "7.29.7",
      "resolved": "https://registry.npmjs.org/@babel/template/-/template-7.29.7.tgz",
      "integrity": "sha512-puq+Gf35oI24FeN11LkoUQFqv9uwNeWpxXZi/Ji3rRIoKAzKnxRaZ+Gkj0vKS9ZCiTESfng1N9LyOyXvo+m+Gg==",
      "license": "MIT",
      "dependencies": {
        "@babel/code-frame": "^7.29.7",
        "@babel/parser": "^7.29.7",
        "@babel/types": "^7.29.7"
      },
      "engines": {
        "node": ">=6.9.0"
      }
    },
    "node_modules/@babel/traverse": {
      "version": "7.29.7",
      "resolved": "https://registry.npmjs.org/@babel/traverse/-/traverse-7.29.7.tgz",
      "integrity": "sha512-EhlfNQtZ+NK22w5BM61ciuiq1m58ed33Wr1Xan//ZRTy6hgjnwyCffRYwzsGXdASJSUJ1guZILsErh1eQcl+zw==",
      "license": "MIT",
      "dependencies": {
        "@babel/code-frame": "^7.29.7",
        "@babel/generator": "^7.29.7",
        "@babel/helper-globals": "^7.29.7",
        "@babel/parser": "^7.29.7",
        "@babel/template": "^7.29.7",
        "@babel/types": "^7.29.7",
        "debug": "^4.3.1"
      },
      "engines": {
        "node": ">=6.9.0"
      }
    },
    "node_modules/@babel/types": {
      "version": "7.29.7",
      "resolved": "https://registry.npmjs.org/@babel/types/-/types-7.29.7.tgz",
      "integrity": "sha512-4zBIxpPzowiZpusoFkyGVwakdRJUyuH5PxQ/PrqghfdFWWasvnCdPfQXHrenDai+gyLARulZjZowCOj6fjT4pA==",
      "license": "MIT",
      "dependencies": {
        "@babel/helper-string-parser": "^7.29.7",
        "@babel/helper-validator-identifier": "^7.29.7"
      },
      "engines": {
        "node": ">=6.9.0"
      }
    },
    "node_modules/@emnapi/core": {
      "version": "1.11.1",
      "resolved": "https://registry.npmjs.org/@emnapi/core/-/core-1.11.1.tgz",
      "integrity": "sha512-RSvbQmHzdKzNsLYa/wHrbc3KN4sYLKAdPZxqiM2HATqv/SBk2/ENSHpvXGaLOMcsAyz0poEGqkmmKYG3OWiJEQ==",
      "dev": true,
      "license": "MIT",
      "optional": true,
      "dependencies": {
        "@emnapi/wasi-threads": "1.2.2",
        "tslib": "^2.4.0"
      }
    },
    "node_modules/@emnapi/runtime": {
      "version": "1.11.1",
      "resolved": "https://registry.npmjs.org/@emnapi/runtime/-/runtime-1.11.1.tgz",
      "integrity": "sha512-vgj7R3y3Wgx24IQaGPA/R6YFXLHVMOZ0uVEyIQPaWs+rd1AzfEMXlAC22FYwO1XkKR6NPsq7mUandH8oIRdZFw==",
      "dev": true,
      "license": "MIT",
      "optional": true,
      "dependencies": {
        "tslib": "^2.4.0"
      }
    },
    "node_modules/@emnapi/wasi-threads": {
      "version": "1.2.2",
      "resolved": "https://registry.npmjs.org/@emnapi/wasi-threads/-/wasi-threads-1.2.2.tgz",
      "integrity": "sha512-c95qOXkHdydNKhscBTebqEC1CVAZpyqOfVfBzQ1qgzyl3gfeldUjIggDbIZgDKsHLgnsM+igH7TJ/eAasaVuMA==",
      "dev": true,
      "license": "MIT",
      "optional": true,
      "dependencies": {
        "tslib": "^2.4.0"
      }
    },
    "node_modules/@emotion/babel-plugin": {
      "version": "11.13.5",
      "resolved": "https://registry.npmjs.org/@emotion/babel-plugin/-/babel-plugin-11.13.5.tgz",
      "integrity": "sha512-pxHCpT2ex+0q+HH91/zsdHkw/lXd468DIN2zvfvLtPKLLMo6gQj7oLObq8PhkrxOZb/gGCq03S3Z7PDhS8pduQ==",
      "license": "MIT",
      "dependencies": {
        "@babel/helper-module-imports": "^7.16.7",
        "@babel/runtime": "^7.18.3",
        "@emotion/hash": "^0.9.2",
        "@emotion/memoize": "^0.9.0",
        "@emotion/serialize": "^1.3.3",
        "babel-plugin-macros": "^3.1.0",
        "convert-source-map": "^1.5.0",
        "escape-string-regexp": "^4.0.0",
        "find-root": "^1.1.0",
        "source-map": "^0.5.7",
        "stylis": "4.2.0"
      }
    },
    "node_modules/@emotion/babel-plugin/node_modules/convert-source-map": {
      "version": "1.9.0",
      "resolved": "https://registry.npmjs.org/convert-source-map/-/convert-source-map-1.9.0.tgz",
      "integrity": "sha512-ASFBup0Mz1uyiIjANan1jzLQami9z1PoYSZCiiYW2FczPbenXc45FZdBZLzOT+r6+iciuEModtmCti+hjaAk0A==",
      "license": "MIT"
    },
    "node_modules/@emotion/babel-plugin/node_modules/source-map": {
      "version": "0.5.7",
      "resolved": "https://registry.npmjs.org/source-map/-/source-map-0.5.7.tgz",
      "integrity": "sha512-LbrmJOMUSdEVxIKvdcJzQC+nQhe8FUZQTXQy6+I75skNgn3OoQ0DZA8YnFa7gp8tqtL3KPf1kmo0R5DoApeSGQ==",
      "license": "BSD-3-Clause",
      "engines": {
        "node": ">=0.10.0"
      }
    },
    "node_modules/@emotion/cache": {
      "version": "11.14.0",
      "resolved": "https://registry.npmjs.org/@emotion/cache/-/cache-11.14.0.tgz",
      "integrity": "sha512-L/B1lc/TViYk4DcpGxtAVbx0ZyiKM5ktoIyafGkH6zg/tj+mA+NE//aPYKG0k8kCHSHVJrpLpcAlOBEXQ3SavA==",
      "license": "MIT",
      "dependencies": {
        "@emotion/memoize": "^0.9.0",
        "@emotion/sheet": "^1.4.0",
        "@emotion/utils": "^1.4.2",
        "@emotion/weak-memoize": "^0.4.0",
        "stylis": "4.2.0"
      }
    },
    "node_modules/@emotion/hash": {
      "version": "0.9.2",
      "resolved": "https://registry.npmjs.org/@emotion/hash/-/hash-0.9.2.tgz",
      "integrity": "sha512-MyqliTZGuOm3+5ZRSaaBGP3USLw6+EGykkwZns2EPC5g8jJ4z9OrdZY9apkl3+UP9+sdz76YYkwCKP5gh8iY3g==",
      "license": "MIT"
    },
    "node_modules/@emotion/is-prop-valid": {
      "version": "1.3.1",
      "resolved": "https://registry.npmjs.org/@emotion/is-prop-valid/-/is-prop-valid-1.3.1.tgz",
      "integrity": "sha512-/ACwoqx7XQi9knQs/G0qKvv5teDMhD7bXYns9N/wM8ah8iNb8jZ2uNO0YOgiq2o2poIvVtJS2YALasQuMSQ7Kw==",
      "license": "MIT",
      "dependencies": {
        "@emotion/memoize": "^0.9.0"
      }
    },
    "node_modules/@emotion/memoize": {
      "version": "0.9.0",
      "resolved": "https://registry.npmjs.org/@emotion/memoize/-/memoize-0.9.0.tgz",
      "integrity": "sha512-30FAj7/EoJ5mwVPOWhAyCX+FPfMDrVecJAM+Iw9NRoSl4BBAQeqj4cApHHUXOVvIPgLVDsCFoz/hGD+5QQD1GQ==",
      "license": "MIT"
    },
    "node_modules/@emotion/react": {
      "version": "11.14.0",
      "resolved": "https://registry.npmjs.org/@emotion/react/-/react-11.14.0.tgz",
      "integrity": "sha512-O000MLDBDdk/EohJPFUqvnp4qnHeYkVP5B0xEG0D/L7cOKP9kefu2DXn8dj74cQfsEzUqh+sr1RzFqiL1o+PpA==",
      "license": "MIT",
      "dependencies": {
        "@babel/runtime": "^7.18.3",
        "@emotion/babel-plugin": "^11.13.5",
        "@emotion/cache": "^11.14.0",
        "@emotion/serialize": "^1.3.3",
        "@emotion/use-insertion-effect-with-fallbacks": "^1.2.0",
        "@emotion/utils": "^1.4.2",
        "@emotion/weak-memoize": "^0.4.0",
        "hoist-non-react-statics": "^3.3.1"
      },
      "peerDependencies": {
        "react": ">=16.8.0"
      },
      "peerDependenciesMeta": {
        "@types/react": {
          "optional": true
        }
      }
    },
    "node_modules/@emotion/serialize": {
      "version": "1.3.3",
      "resolved": "https://registry.npmjs.org/@emotion/serialize/-/serialize-1.3.3.tgz",
      "integrity": "sha512-EISGqt7sSNWHGI76hC7x1CksiXPahbxEOrC5RjmFRJTqLyEK9/9hZvBbiYn70dw4wuwMKiEMCUlR6ZXTSWQqxA==",
      "license": "MIT",
      "dependencies": {
        "@emotion/hash": "^0.9.2",
        "@emotion/memoize": "^0.9.0",
        "@emotion/unitless": "^0.10.0",
        "@emotion/utils": "^1.4.2",
        "csstype": "^3.0.2"
      }
    },
    "node_modules/@emotion/sheet": {
      "version": "1.4.0",
      "resolved": "https://registry.npmjs.org/@emotion/sheet/-/sheet-1.4.0.tgz",
      "integrity": "sha512-fTBW9/8r2w3dXWYM4HCB1Rdp8NLibOw2+XELH5m5+AkWiL/KqYX6dc0kKYlaYyKjrQ6ds33MCdMPEwgs2z1rqg==",
      "license": "MIT"
    },
    "node_modules/@emotion/styled": {
      "version": "11.14.0",
      "resolved": "https://registry.npmjs.org/@emotion/styled/-/styled-11.14.0.tgz",
      "integrity": "sha512-XxfOnXFffatap2IyCeJyNov3kiDQWoR08gPUQxvbL7fxKryGBKUZUkG6Hz48DZwVrJSVh9sJboyV1Ds4OW6SgA==",
      "license": "MIT",
      "dependencies": {
        "@babel/runtime": "^7.18.3",
        "@emotion/babel-plugin": "^11.13.5",
        "@emotion/is-prop-valid": "^1.3.0",
        "@emotion/serialize": "^1.3.3",
        "@emotion/use-insertion-effect-with-fallbacks": "^1.2.0",
        "@emotion/utils": "^1.4.2"
      },
      "peerDependencies": {
        "@emotion/react": "^11.0.0-rc.0",
        "react": ">=16.8.0"
      },
      "peerDependenciesMeta": {
        "@types/react": {
          "optional": true
        }
      }
    },
    "node_modules/@emotion/unitless": {
      "version": "0.10.0",
      "resolved": "https://registry.npmjs.org/@emotion/unitless/-/unitless-0.10.0.tgz",
      "integrity": "sha512-dFoMUuQA20zvtVTuxZww6OHoJYgrzfKM1t52mVySDJnMSEa08ruEvdYQbhvyu6soU+NeLVd3yKfTfT0NeV6qGg==",
      "license": "MIT"
    },
    "node_modules/@emotion/use-insertion-effect-with-fallbacks": {
      "version": "1.2.0",
      "resolved": "https://registry.npmjs.org/@emotion/use-insertion-effect-with-fallbacks/-/use-insertion-effect-with-fallbacks-1.2.0.tgz",
      "integrity": "sha512-yJMtVdH59sxi/aVJBpk9FQq+OR8ll5GT8oWd57UpeaKEVGab41JWaCFA7FRLoMLloOZF/c/wsPoe+bfGmRKgDg==",
      "license": "MIT",
      "peerDependencies": {
        "react": ">=16.8.0"
      }
    },
    "node_modules/@emotion/utils": {
      "version": "1.4.2",
      "resolved": "https://registry.npmjs.org/@emotion/utils/-/utils-1.4.2.tgz",
      "integrity": "sha512-3vLclRofFziIa3J2wDh9jjbkUz9qk5Vi3IZ/FSTKViB0k+ef0fPV7dYrUIugbgupYDx7v9ud/SjrtEP8Y4xLoA==",
      "license": "MIT"
    },
    "node_modules/@emotion/weak-memoize": {
      "version": "0.4.0",
      "resolÛ¿uöÚ$z{-®éÜj×—7G'’æçÖ§2æ÷&r÷&W6öÇfRòÒ÷&W6öÇfRÓã#"ãçFw¢"ÀÐ¢&–çFVw&—G’#¢'6†S"Ôå'’²öæ4”ÖTFÅD7Wt´––fW&–v†Vdd§F´å5s¤¤WÔV"·'Bóst"ö¤vVVV²´cTöTãT4Fd…†&$–wEeƒGsÓÒ"ÀÐ¢&Æ–6Vç6R#¢$Ô•B"ÀÐ¢&FWVæFVæ6–W2#¢°Ð¢&—2Ö6÷&RÖÖöGVÆR#¢%ã"ãbã"ÀÐ¢'F‚×'6R#¢%ãããr"ÀÐ¢'7W÷'G2×&W6W'fR×7–ÖÆ–æ·2ÖfÆr#¢%ããã Ð¢ÒÀÐ¢&&–â#¢°Ð¢'&W6öÇfR#¢&&–â÷&W6öÇfR Ð¢ÒÀÐ¢&Væv–æW2#¢°Ð¢&æöFR#¢#ãÒãB Ð¢ÒÀÐ¢&gVæF–ær#¢°Ð¢'W&Â#¢&‡GG3¢òöv—F‡V"æ6öÒ÷7öç6÷'2öÆ¦†&" Ð¢ÐÐ¢ÒÀÐ¢&æöFUöÖöGVÆW2÷&öÆÆF÷vâ#¢°Ð¢'fW'6–öâ#¢#ããB"ÀÐ¢'&W6öÇfVB#¢&‡GG3¢ò÷&Vv—7G'’æçÖ§2æ÷&r÷&öÆÆF÷vâòÒ÷&öÆÆF÷vâÓããBçFw¢"ÀÐ¢&–çFVw&—G’#¢'6†S"Ô–¥¥–”Ç…§wæ‡v†D$ƒ'VvEDue6F„5VÔÇ„Æ÷–¦”Ã§…–§•'7B³V7†g%G„£Tcc3†£D×ggsTdƒU„SfT‡†$ÓÒ"ÀÐ¢&FWb#¢G'VRÀÐ¢&Æ–6Vç6R#¢$Ô•B"ÀÐ¢&FWVæFVæ6–W2#¢°Ð¢$÷†2×&ö¦V7B÷G—W2#¢#Óã3‚ã"ÀÐ¢$&öÆÆF÷vâ÷ÇVv–çWF–Ç2#¢%ããã Ð¢ÒÀÐ¢&&–â#¢°Ð¢'&öÆÆF÷vâ#¢&&–âö6Æ’æÖ§2 Ð¢ÒÀÐ¢&Væv–æW2#¢°Ð¢&æöFR#¢%ã#ã’ãÇÂãÓ#"ã"ã Ð¢ÒÀÐ¢&÷F–öæÄFWVæFVæ6–W2#¢°Ð¢$&öÆÆF÷vâö&–æF–ærÖæG&ö–BÖ&ÓcB#¢#ããB"ÀÐ¢$&öÆÆF÷vâö&–æF–ærÖF'v–âÖ&ÓcB#¢#ããB"ÀÐ¢$&öÆÆF÷vâö&–æF–ærÖF'v–â×ƒcB#¢#ããB"ÀÐ¢$&öÆÆF÷vâö&–æF–ærÖg&VV'6B×ƒcB#¢#ããB"ÀÐ¢$&öÆÆF÷vâö&–æF–ærÖÆ–çW‚Ö&ÒÖvçVV&–†b#¢#ããB"ÀÐ¢$&öÆÆF÷vâö&–æF–ærÖÆ–çW‚Ö&ÓcBÖvçR#¢#ããB"ÀÐ¢$&öÆÆF÷vâö&–æF–ærÖÆ–çW‚Ö&ÓcBÖ×W6Â#¢#ããB"ÀÐ¢$&öÆÆF÷vâö&–æF–ærÖÆ–çW‚×3cBÖvçR#¢#ããB"ÀÐ¢$&öÆÆF÷vâö&–æF–ærÖÆ–çW‚×33“‚ÖvçR#¢#ããB"ÀÐ¢$&öÆÆF÷vâö&–æF–ærÖÆ–çW‚×ƒcBÖvçR#¢#ããB"ÀÐ¢$&öÆÆF÷vâö&–æF–ærÖÆ–çW‚×ƒcBÖ×W6Â#¢#ããB"ÀÐ¢$&öÆÆF÷vâö&–æF–ærÖ÷Væ†&Ööç’Ö&ÓcB#¢#ããB"ÀÐ¢$&öÆÆF÷vâö&–æF–ær×v6Ó3"×v6’#¢#ããB"ÀÐ¢$&öÆÆF÷vâö&–æF–ær×v–ã3"Ö&ÓcBÖ×7f2#¢#ããB"ÀÐ¢$&öÆÆF÷vâö&–æF–ær×v–ã3"×ƒcBÖ×7f2#¢#ããB Ð¢ÐÐ¢ÒÀÐ¢&æöFUöÖöGVÆW2÷6fRÖ'VffW"#¢°Ð¢'fW'6–öâ#¢#Rã"ã"ÀÐ¢'&W6öÇfVB#¢&‡GG3¢ò÷&Vv—7G'’æçÖ§2æ÷&r÷6fRÖ'VffW"òÒ÷6fRÖ'VffW"ÓRã"ãçFw¢"ÀÐ¢&–çFVw&—G’#¢'6†S"×'56ót¶6FÖÔ¶$wfvç…4§#v$ue5f³U3”Wb·%&ósµ–VG†·sTFC„åâ´tCf&¦å–Ó%gUT5†×U—fÔ5…ÓÒ"ÀÐ¢&gVæF–ær#¢°Ð¢°Ð¢'G—R#¢&v—F‡V""ÀÐ¢'W&Â#¢&‡GG3¢òöv—F‡V"æ6öÒ÷7öç6÷'2öfW&÷72 Ð¢ÒÀÐ¢°Ð¢'G—R#¢'G&Vöâ"ÀÐ¢'W&Â#¢&‡GG3¢ò÷wwrçG&Vöâæ6öÒöfW&÷72 Ð¢ÒÀÐ¢°Ð¢'G—R#¢&6öç7VÇF–ær"ÀÐ¢'W&Â#¢&‡GG3¢òöfW&÷72æ÷&r÷7W÷'B Ð¢ÐÐ¢ÒÀÐ¢&Æ–6Vç6R#¢$Ô•B Ð¢ÒÀÐ¢&æöFUöÖöGVÆW2÷66†VGVÆW"#¢°Ð¢'fW'6–öâ#¢#ã#bã"ÀÐ¢'&W6öÇfVB#¢&‡GG3¢ò÷&Vv—7G'’æçÖ§2æ÷&r÷66†VGVÆW"òÒ÷66†VGVÆW"Óã#bãçFw¢"ÀÐ¢&–çFVw&—G’#¢'6†S"ÔæÄ‡wGD4’öÃVt5#4Cäå‡Et%VÔ'we§U”CD•…6$”G„'¤Ä”²ót—#VuDe4u¤EWS3t³V4Ôç„gG¤ó3‡43vutÓÒ"ÀÐ¢&Æ–6Vç6R#¢$Ô•B Ð¢ÒÀÐ¢&æöFUöÖöGVÆW2÷6WBÖ6öö¶–R×'6W"#¢°Ð¢'fW'6–öâ#¢#"ãrã""ÀÐ¢'&W6öÇfVB#¢&‡GG3¢ò÷&Vv—7G'’æçÖ§2æ÷&r÷6WBÖ6öö¶–R×'6W"òÒ÷6WBÖ6öö¶–R×'6W"Ó"ãrã"çFw¢"ÀÐ¢&–çFVw&—G’#¢'6†S"ÖöTÓÇRõWf…G‡r¶s64–g…„‡”¥&2÷V–FC7”³#C&w¤†G3VE%—§37“†£Ft45rµ¤£vC–7FÆC…%”ò¶&GW&ÇgsÓÒ"ÀÐ¢&Æ–6Vç6R#¢$Ô•B Ð¢ÒÀÐ¢&æöFUöÖöGVÆW2÷6ö6¶WBæ–òÖ6Æ–VçB#¢°Ð¢'fW'6–öâ#¢#Bã‚ã"ÀÐ¢'&W6öÇfVB#¢&‡GG3¢ò÷&Vv—7G'’æçÖ§2æ÷&r÷6ö6¶WBæ–òÖ6Æ–VçBòÒ÷6ö6¶WBæ–òÖ6Æ–VçBÓBã‚ãçFw¢"ÀÐ¢&–çFVw&—G’#¢'6†S"Ö„¥e†gS4S#„æ×¤v³†ó4†„ã6öÓS'E'gu–V–F&£w„·“&T”—6ST–ôµƒ5U6Å3eGC4$„FfÄÄ–´5&·¥g$TVeuW••ÓÒ"ÀÐ¢&Æ–6Vç6R#¢$Ô•B"ÀÐ¢&FWVæFVæ6–W2#¢°Ð¢$6ö6¶WBæ–òö6ö×öæVçBÖVÖ—GFW"#¢'ã2ãã"ÀÐ¢&FV'Vr#¢'ãBã2ã""ÀÐ¢&Væv–æRæ–òÖ6Æ–VçB#¢'ãbãbã"ÀÐ¢'6ö6¶WBæ–ò×'6W"#¢'ãBã"ãB Ð¢ÒÀÐ¢&Væv–æW2#¢°Ð¢&æöFR#¢#ãÓãã Ð¢ÐÐ¢ÒÀÐ¢&æöFUöÖöGVÆW2÷6ö6¶WBæ–òÖ6Æ–VçBöæöFUöÖöGVÆW2öFV'Vr#¢°Ð¢'fW'6–öâ#¢#Bã2ãr"ÀÐ¢'&W6öÇfVB#¢&‡GG3¢ò÷&Vv—7G'’æçÖ§2æ÷&röFV'VròÒöFV'VrÓBã2ãrçFw¢"ÀÐ¢&–çFVw&—G’#¢'6†S"ÔW#&æ2ôƒu'$Õ…¤$d4V–ÓeD6ÔÖ³%£‡dÄ3%&&“´T&vwóe3fÃ3æævÔ–“7•rò´tô¦·&sGs†sƒô7uÓÒ"ÀÐ¢&Æ–6Vç6R#¢$Ô•B"ÀÐ¢&FWVæFVæ6–W2#¢°Ð¢&×2#¢%ã"ãã2 Ð¢ÒÀÐ¢&Væv–æW2#¢°Ð¢&æöFR#¢#ãÓbã Ð¢ÒÀÐ¢'VW$FWVæFVæ6–W4ÖWF#¢°Ð¢'7W÷'G2Ö6öÆ÷"#¢°Ð¢&÷F–öæÂ#¢G'VPÐ¢ÐÐ¢ÐÐ¢ÒÀÐ¢&æöFUöÖöGVÆW2÷6ö6¶WBæ–ò×'6W"#¢°Ð¢'fW'6–öâ#¢#Bã"ãb"ÀÐ¢'&W6öÇfVB#¢&‡GG3¢ò÷&Vv—7G'’æçÖ§2æ÷&r÷6ö6¶WBæ–ò×'6W"òÒ÷6ö6¶WBæ–ò×'6W"ÓBã"ãbçFw¢"ÀÐ¢&–çFVw&—G’#¢'6†S"Ö4§%d$G4$4§ƒGs5vfW55“•%‚³'‡¥tUw§'4ƒtÃfdÇ§&‡”c…u“…VTÓE”7TFgtö6w6GVt×6×G£„T¦VsÓÒ"ÀÐ¢&Æ–6Vç6R#¢$Ô•B"ÀÐ¢&FWVæFVæ6–W2#¢°Ð¢$6ö6¶WBæ–òö6ö×öæVçBÖVÖ—GFW"#¢'ã2ãã"ÀÐ¢&FV'Vr#¢'ãBãBã Ð¢ÒÀÐ¢&Væv–æW2#¢°Ð¢&æöFR#¢#ãÓãã Ð¢ÐÐ¢ÒÀÐ¢&æöFUöÖöGVÆW2÷6ö6¶§2Ö6Æ–VçB#¢°Ð¢'fW'6–öâ#¢#ãbã"ÀÐ¢'&W6öÇfVB#¢&‡GG3¢ò÷&Vv—7G'’æçÖ§2æ÷&r÷6ö6¶§2Ö6Æ–VçBòÒ÷6ö6¶§2Ö6Æ–VçBÓãbãçFw¢"ÀÐ¢&–çFVw&—G’#¢'6†S"Ó&sF¤õ"¶e'3×„TäÆ’÷UF”¥G’µu„d÷¦#UWu†æFÄ³eDó5RöÖ—%§¦çƒgs3D…dÖö36sv5“#G”2õ¤Ô•–äFÆf·sÓÒ"ÀÐ¢&Æ–6Vç6R#¢$Ô•B"ÀÐ¢&FWVæFVæ6–W2#¢°Ð¢&FV'Vr#¢%ã2ã"ãr"ÀÐ¢&WfVçG6÷W&6R#¢%ã"ãã""ÀÐ¢&f–R×vV'6ö6¶WB#¢%ãããB"ÀÐ¢&–æ†W&—G2#¢%ã"ããB"ÀÐ¢'W&Â×'6R#¢%ããRã Ð¢ÒÀÐ¢&Væv–æW2#¢°Ð¢&æöFR#¢#ãÓ" Ð¢ÒÀÐ¢&gVæF–ær#¢°Ð¢'W&Â#¢&‡GG3¢ò÷F–FVÆ–gBæ6öÒögVæF–æröv—F‡V"öçÒ÷6ö6¶§2Ö6Æ–VçB Ð¢ÐÐ¢ÒÀÐ¢&æöFUöÖöGVÆW2÷6ö6¶§2Ö6Æ–VçBöæöFUöÖöGVÆW2öFV'Vr#¢°Ð¢'fW'6–öâ#¢#2ã"ãr"ÀÐ¢'&W6öÇfVB#¢&‡GG3¢ò÷&Vv—7G'’æçÖ§2æ÷&röFV'VròÒöFV'VrÓ2ã"ãrçFw¢"ÀÐ¢&–çFVw&—G’#¢'6†S"Ô4f§¥•”“EF†f•f—§$eWeEE„‡Fä7vfSwƒ†tW65G£e¦$Æ&fôÅ$ÅVuE”'Fƒfc…¤U%eU7•t„dBóuwSGC…ÓÒ"ÀÐ¢&Æ–6Vç6R#¢$Ô•B"ÀÐ¢&FWVæFVæ6–W2#¢°Ð¢&×2#¢%ã"ãã Ð¢ÐÐ¢ÒÀÐ¢&æöFUöÖöGVÆW2÷6÷W&6RÖÖÖ§2#¢°Ð¢'fW'6–öâ#¢#ã"ã"ÀÐ¢'&W6öÇfVB#¢&‡GG3¢ò÷&Vv—7G'’æçÖ§2æ÷&r÷6÷W&6RÖÖÖ§2òÒ÷6÷W&6RÖÖÖ§2Óã"ãçFw¢"ÀÐ¢&–çFVw&—G’#¢'6†S"ÕU…tÔ¶„Ä÷ud¶#s#„•WE‡†e•R·W6G–'EW$²ó‡TtS„5×g&„÷wg¤D'v£…4ÃtÕ3wd—4•4$s…e‚´”E‡eÓÒ"ÀÐ¢&FWb#¢G'VRÀÐ¢&Æ–6Vç6R#¢$%4BÓ2Ô6ÆW6R"ÀÐ¢&Væv–æW2#¢°Ð¢&æöFR#¢#ãÓãã Ð¢ÐÐ¢ÒÀÐ¢&æöFUöÖöGVÆW2÷7G&—Ö–æFVçB#¢°Ð¢'fW'6–öâ#¢#2ãã"ÀÐ¢'&W6öÇfVB#¢&‡GG3¢ò÷&Vv—7G'’æçÖ§2æ÷&r÷7G&—Ö–æFVçBòÒ÷7G&—Ö–æFVçBÓ2ããçFw¢"ÀÐ¢&–çFVw&—G’#¢'6†S"ÖÆ¥F4¦"µe3dG6T†„cvE…g…Fd¥5$FV&–BöG$ö†v—Fu–·RöÆWDÕWõ„fõuc¤”•V&§Dƒ'B·E–£F%Õ%ÓÒ"ÀÐ¢&Æ–6Vç6R#¢$Ô•B"ÀÐ¢&FWVæFVæ6–W2#¢°Ð¢&Ö–âÖ–æFVçB#¢%ããã Ð¢ÒÀÐ¢&Væv–æW2#¢°Ð¢&æöFR#¢#ãÓ‚ Ð¢ÐÐ¢ÒÀÐ¢&æöFUöÖöGVÆW2÷7G–Æ—2#¢°Ð¢'fW'6–öâ#¢#Bã"ã"ÀÐ¢'&W6öÇfVB#¢&‡GG3¢ò÷&Vv—7G'’æçÖ§2æ÷&r÷7G–Æ—2òÒ÷7G–Æ—2ÓBã"ãçFw¢"ÀÐ¢&–çFVw&—G’#¢'6†S"Ô÷&÷cfsd$#4Fe–w¥veD„D÷†×Eƒ$R÷¦óDFƒ–Sfg£5öö——–d£V×%¤ó'tdó…–$W–Tg&µc“…G4tÕ7'sÓÒ"ÀÐ¢&Æ–6Vç6R#¢$Ô•B Ð¢ÒÀÐ¢&æöFUöÖöGVÆW2÷7W÷'G2Ö6öÆ÷"#¢°Ð¢'fW'6–öâ#¢#rã"ã"ÀÐ¢'&W6öÇfVB#¢&‡GG3¢ò÷&Vv—7G'’æçÖ§2æ÷&r÷7W÷'G2Ö6öÆ÷"òÒ÷7W÷'G2Ö6öÆ÷"Órã"ãçFw¢"ÀÐ¢&–çFVw&—G’#¢'6†S"×4e&Ã—7GTô‡fT·6ãt†æ4¥'gcS–4·¥Äòò´Çw†3’³'tÇ—cDFggCƒôEã'ô'4¦DF–öu„u#’´÷gu'sÓÒ"ÀÐ¢&Æ–6Vç6R#¢$Ô•B"ÀÐ¢&FWVæFVæ6–W2#¢°Ð¢&†2ÖfÆr#¢%ãBãã Ð¢ÒÀÐ¢&Væv–æW2#¢°Ð¢&æöFR#¢#ãÓ‚ Ð¢ÐÐ¢ÒÀÐ¢&æöFUöÖöGVÆW2÷7W÷'G2×&W6W'fR×7–ÖÆ–æ·2ÖfÆr#¢°Ð¢'fW'6–öâ#¢#ãã"ÀÐ¢'&W6öÇfVB#¢&‡GG3¢ò÷&Vv—7G'’æçÖ§2æ÷&r÷7W÷'G2×&W6W'fR×7–ÖÆ–æ·2ÖfÆròÒ÷7W÷'G2×&W6W'fR×7–ÖÆ–æ·2ÖfÆrÓããçFw¢"ÀÐ¢&–çFVw&—G’#¢'6†S"Ö÷Cvå…3–fvF¶t–6USe$„æ³t‚¶×Uf56¦U#5c„³#w”$#%DS5#t‡c£§”3‡3eggc„D—•vccƒÔCsÓÒ"ÀÐ¢&Æ–6Vç6R#¢$Ô•B"ÀÐ¢&Væv–æW2#¢°Ð¢&æöFR#¢#ãÒãB Ð¢ÒÀÐ¢&gVæF–ær#¢°Ð¢'W&Â#¢&‡GG3¢òöv—F‡V"æ6öÒ÷7öç6÷'2öÆ¦†&" Ð¢ÐÐ¢ÒÀÐ¢&æöFUöÖöGVÆW2÷F–ç–vÆö&'’#¢°Ð¢'fW'6–öâ#¢#ã"ãr"ÀÐ¢'&W6öÇfVB#¢&‡GG3¢ò÷&Vv—7G'’æçÖ§2æ÷&r÷F–ç–vÆö&'’òÒ÷F–ç–vÆö&'’Óã"ãrçFw¢"ÀÐ¢&–çFVw&—G’#¢'6†S"×u…"öE—7¶ÖewVE¦¦”´¤÷t4äfæDCDÖç%rö5–¥dwGDV´&efv4Äd†ôç&Æ£CvÖ¤õf–3——”çScVÇ6tcDå•F&sÓÒ"ÀÐ¢&FWb#¢G'VRÀÐ¢&Æ–6Vç6R#¢$Ô•B"ÀÐ¢&FWVæFVæ6–W2#¢°Ð¢&fF—"#¢%ãbãRã"ÀÐ¢'–6öÖF6‚#¢%ãBããB Ð¢ÒÀÐ¢&Væv–æW2#¢°Ð¢&æöFR#¢#ãÓ"ãã Ð¢ÒÀÐ¢&gVæF–ær#¢°Ð¢'W&Â#¢&‡GG3¢òöv—F‡V"æ6öÒ÷7öç6÷'2õ7WW&6‡WTFWb Ð¢ÐÐ¢ÒÀÐ¢&æöFUöÖöGVÆW2÷G6Æ–"#¢°Ð¢'fW'6–öâ#¢#"ã‚ã"ÀÐ¢'&W6öÇfVB#¢&‡GG3¢ò÷&Vv—7G'’æçÖ§2æ÷&r÷G6Æ–"òÒ÷G6Æ–"Ó"ã‚ãçFw¢"ÀÐ¢&–çFVw&—G’#¢'6†S"Öô¤gS“D…"´µfGU5UÃwvç×æfÔÇ4ôöäƒf#dTƒt4Vô³öÕU…Sf37t´Ecƒ4Ö´÷T…$‡E5„´µS“””&¥2ó'sÓÒ"ÀÐ¢&FWb#¢G'VRÀÐ¢&Æ–6Vç6R#¢#%4B"ÀÐ¢&÷F–öæÂ#¢G'VPÐ¢ÒÀÐ¢&æöFUöÖöGVÆW2÷G—W67&—B#¢°Ð¢'fW'6–öâ#¢#Rã’ã2"ÀÐ¢'&W6öÇfVB#¢&‡GG3¢ò÷&Vv—7G'’æçÖ§2æ÷&r÷G—W67&—BòÒ÷G—W67&—BÓRã’ã2çFw¢"ÀÐ¢&–çFVw&—G’#¢'6†S"Ö¦Ãe§¥F–äÇ#–UWC4¢÷CucdftäWs•§d%G—7£”¶eDCCe$3%“GdµF–WeCF%†Æ#$†„Ç‡wFÓdÓUFu7sÓÒ"ÀÐ¢&FWb#¢G'VRÀÐ¢&Æ–6Vç6R#¢$6†RÓ"ã"ÀÐ¢&&–â#¢°Ð¢'G62#¢&&–â÷G62"ÀÐ¢'G76W'fW"#¢&&–â÷G76W'fW" Ð¢ÒÀÐ¢&Væv–æW2#¢°Ð¢&æöFR#¢#ãÓBãr Ð¢ÐÐ¢ÒÀÐ¢&æöFUöÖöGVÆW2÷VæF–6’×G—W2#¢°Ð¢'fW'6–öâ#¢#bã#ã"ÀÐ¢'&W6öÇfVB#¢&‡GG3¢ò÷&Vv—7G'’æçÖ§2æ÷&r÷VæF–6’×G—W2òÒ÷VæF–6’×G—W2Óbã#ãçFw¢"ÀÐ¢&–çFVw&—G’#¢'6†S"Ö—tE§sw&s•&cTƒFãÓcF36Öµ#S–4£gu³t3Fä“w6ÔW†VF”ÄäóCFUCDD$'v¦%F”uÖÇC$ÖCC”ƒ”¥ÓÒ"ÀÐ¢&Æ–6Vç6R#¢$Ô•B Ð¢ÒÀÐ¢&æöFUöÖöGVÆW2÷W&Â×'6R#¢°Ð¢'fW'6–öâ#¢#ãRã"ÀÐ¢'&W6öÇfVB#¢&‡GG3¢ò÷&Vv—7G'’æçÖ§2æ÷&r÷W&Â×'6RòÒ÷W&Â×'6RÓãRãçFw¢"ÀÐ¢&–çFVw&—G’#¢'6†S"Õw—6f•&†fUU—gdc£g's£6‡%w'sf•§c2³#&ƒf•$Ô¢ó‡£F£e†dÅDG5V—ƒTÖ„Õå‡”„Fô·–õ¢ö&D6·t$6•ÓÒ"ÀÐ¢&Æ–6Vç6R#¢$Ô•B"ÀÐ¢&FWVæFVæ6–W2#¢°Ð¢'VW'—7G&–æv–g’#¢%ã"ãã"ÀÐ¢'&WV—&W2×÷'B#¢%ããã Ð¢ÐÐ¢ÒÀÐ¢&æöFUöÖöGVÆW2÷W6R×7–æ2ÖW‡FW&æÂ×7F÷&R#¢°Ð¢'fW'6–öâ#¢#ãRã"ÀÐ¢'&W6öÇfVB#¢&‡GG3¢ò÷&Vv—7G'’æçÖ§2æ÷&r÷W6R×7–æ2ÖW‡FW&æÂ×7F÷&RòÒ÷W6R×7–æ2ÖW‡FW&æÂ×7F÷&RÓãRãçFw¢"ÀÐ¢&–çFVw&—G’#¢'6†S"Õ&#Cd“F4tud&Ö¦Ö§†S„ÂõVçd¤B·UEF´çeƒVÕ¦wF&f„“DV&t•t¦””…„£†&2ö“”Uu&ƒDGtUU$£SS$FóÓÒ"ÀÐ¢&Æ–6Vç6R#¢$Ô•B"ÀÐ¢'VW$FWVæFVæ6–W2#¢°Ð¢'&V7B#¢%ãbã‚ãÇÂãrããÇÂã‚ããÇÂã’ãã Ð¢ÐÐ¢ÒÀÐ¢&æöFUöÖöGVÆW2÷WV–B#¢°Ð¢'fW'6–öâ#¢#ãã"ÀÐ¢'&W6öÇfVB#¢&‡GG3¢ò÷&Vv—7G'’æçÖ§2æ÷&r÷WV–BòÒ÷WV–BÓããçFw¢"ÀÐ¢&–çFVw&—G’#¢'6†S"×d•—‡$$42ôâô²´§374ãƒ†vóv´–då77"ö„„6W4´5ä¦Öwe•3&÷#c–´—VdTr´óBµfW¤ôƒDV$–T„6df÷c…¦uÓÒ"ÀÐ¢&gVæF–ær#¢°Ð¢&‡GG3¢òöv—F‡V"æ6öÒ÷7öç6÷'2ö'&ööf"ÀÐ¢&‡GG3¢òöv—F‡V"æ6öÒ÷7öç6÷'2ö7Ffâ Ð¢ÒÀÐ¢&Æ–6Vç6R#¢$Ô•B"ÀÐ¢&&–â#¢°Ð¢'WV–B#¢&F—7BöW6Òö&–â÷WV–B Ð¢ÐÐ¢ÒÀÐ¢&æöFUöÖöGVÆW2÷f—FR#¢°Ð¢'fW'6–öâ#¢#‚ãã2"ÀÐ¢'&W6öÇfVB#¢&‡GG3¢ò÷&Vv—7G'’æçÖ§2æ÷&r÷f—FRòÒ÷f—FRÓ‚ãã2çFw¢"ÀÐ¢&–çFVw&—G’#¢'6†S"ÔG2¶t%&&£Çu$ó%“V‡våT&G…7vÄfS”ÆU'•SG4æä#WusutcãV&u†uW¦&u£C”Õc”%eTTe•f4EV6–ÅTW„ÔÓÒ"ÀÐ¢&FWb#¢G'VRÀÐ¢&Æ–6Vç6R#¢$Ô•B"ÀÐ¢&FWVæFVæ6–W2#¢°Ð¢&Æ–v‡Fæ–æv772#¢%ãã3"ã"ÀÐ¢'–6öÖF6‚#¢%ãBããB"ÀÐ¢'÷7F772#¢%ã‚ãRãb"ÀÐ¢'&öÆÆF÷vâ#¢'ããã2"ÀÐ¢'F–ç–vÆö&'’#¢%ãã"ãr Ð¢ÒÀÐ¢&&–â#¢°Ð¢'f—FR#¢&&–â÷f—FRæ§2 Ð¢ÒÀÐ¢&Væv–æW2#¢°Ð¢&æöFR#¢%ã#ã’ãÇÂãÓ#"ã"ã Ð¢ÒÀÐ¢&gVæF–ær#¢°Ð¢'W&Â#¢&‡GG3¢òöv—F‡V"æ6öÒ÷f—FV§2÷f—FS÷7öç6÷#Ó Ð¢ÒÀÐ¢&÷F–öæÄFWVæFVæ6–W2#¢°Ð¢&g6WfVçG2#¢'ã"ã2ã2 Ð¢ÒÀÐ¢'VW$FWVæFVæ6–W2#¢°Ð¢$G—W2öæöFR#¢%ã#ã’ãÇÂãÓ#"ã"ã"ÀÐ¢$f—FV§2öFWgFööÇ2#¢%ãã2ã"ÀÐ¢&W6'V–ÆB#¢%ãã#rãÇÂãã#‚ã"ÀÐ¢&¦—F’#¢#ãÓã#ã"ÀÐ¢&ÆW72#¢%ãBãã"ÀÐ¢'672#¢%ããsã"ÀÐ¢'672ÖVÖ&VFFVB#¢%ããsã"ÀÐ¢'7G–ÇW2#¢#ãÓãSBã‚"ÀÐ¢'7Vv'72#¢%ãRãã"ÀÐ¢'FW'6W"#¢%ãRãbã"ÀÐ¢'G7‚#¢%ãBã‚ã"ÀÐ¢'–ÖÂ#¢%ã"ãBã" Ð¢ÒÀÐ¢'VW$FWVæFVæ6–W4ÖWF#¢°Ð¢$G—W2öæöFR#¢°Ð¢&÷F–öæÂ#¢G'VPÐ¢ÒÀÐ¢$f—FV§2öFWgFööÇ2#¢°Ð¢&÷F–öæÂ#¢G'VPÐ¢ÒÀÐ¢&W6'V–ÆB#¢°Ð¢&÷F–öæÂ#¢G'VPÐ¢ÒÀÐ¢&¦—F’#¢°Ð¢&÷F–öæÂ#¢G'VPÐ¢ÒÀÐ¢&ÆW72#¢°Ð¢&÷F–öæÂ#¢G'VPÐ¢ÒÀÐ¢'672#¢°Ð¢&÷F–öæÂ#¢G'VPÐ¢ÒÀÐ¢'672ÖVÖ&VFFVB#¢°Ð¢&÷F–öæÂ#¢G'VPÐ¢ÒÀÐ¢'7G–ÇW2#¢°Ð¢&÷F–öæÂ#¢G'VPÐ¢ÒÀÐ¢'7Vv'72#¢°Ð¢&÷F–öæÂ#¢G'VPÐ¢ÒÀÐ¢'FW'6W"#¢°Ð¢&÷F–öæÂ#¢G'VPÐ¢ÒÀÐ¢'G7‚#¢°Ð¢&÷F–öæÂ#¢G'VPÐ¢ÒÀÐ¢'–ÖÂ#¢°Ð¢&÷F–öæÂ#¢G'VPÐ¢ÐÐ¢ÐÐ¢ÒÀÐ¢&æöFUöÖöGVÆW2÷vV"×f—FÇ2#¢°Ð¢'fW'6–öâ#¢#"ããB"ÀÐ¢'&W6öÇfVB#¢&‡GG3¢ò÷&Vv—7G'’æçÖ§2æ÷&r÷vV"×f—FÇ2òÒ÷vV"×f—FÇ2Ó"ããBçFw¢"ÀÐ¢&–çFVw&—G’#¢'6†S"×5ev7v…SVÕƒf7&d“UfC&D3G6‡•G…c…U&–ç§C#U‡f‚¶$„UtƒD34å$æ–öä5tö'ƒS—w%”V$æÇsE£‡6¤Ç¥¦sÓÒ"ÀÐ¢&Æ–6Vç6R#¢$6†RÓ"ã Ð¢ÒÀÐ¢&æöFUöÖöGVÆW2÷vV'6ö6¶WBÖG&—fW"#¢°Ð¢'fW'6–öâ#¢#ãrãB"ÀÐ¢'&W6öÇfVB#¢&‡GG3¢ò÷&Vv—7G'’æçÖ§2æ÷&r÷vV'6ö6¶WBÖG&—fW"òÒ÷vV'6ö6¶WBÖG&—fW"ÓãrãBçFw¢"ÀÐ¢&–çFVw&—G’#¢'6†S"Ö#t¶TD•f§f#77U4Dc&5•…6s&—§FÆ”£D#•vG7T#d£“S'5¶ÖågDG•sVÖ÷D–Õ„„D34%BóVW§$¥g4·sW¦¦sÓÒ"ÀÐ¢&Æ–6Vç6R#¢$6†RÓ"ã"ÀÐ¢&FWVæFVæ6–W2#¢°Ð¢&‡GG×'6W"Ö§2#¢#ãÓãRã"ÀÐ¢'6fRÖ'VffW"#¢#ãÓRãã"ÀÐ¢'vV'6ö6¶WBÖW‡FVç6–öç2#¢#ãÓãã Ð¢ÒÀÐ¢&Væv–æW2#¢°Ð¢&æöFR#¢#ãÓã‚ã Ð¢ÐÐ¢ÒÀÐ¢&æöFUöÖöGVÆW2÷vV'6ö6¶WBÖW‡FVç6–öç2#¢°Ð¢'fW'6–öâ#¢#ããB"ÀÐ¢'&W6öÇfVB#¢&‡GG3¢ò÷&Vv—7G'’æçÖ§2æ÷&r÷vV'6ö6¶WBÖW‡FVç6–öç2òÒ÷vV'6ö6¶WBÖW‡FVç6–öç2ÓããBçFw¢"ÀÐ¢&–çFVw&—G’#¢'6†S"Ô÷VE”tög4FÆó3Tçu–$4dÕ6ó–Ó”róf”†£RöE¤dDÔgF7ƒeWw”÷“44ôVTöró•g4t—Gãc%sT¶†ôµ7sÓÒ"ÀÐ¢&Æ–6Vç6R#¢$6†RÓ"ã"ÀÐ¢&Væv–æW2#¢°Ð¢&æöFR#¢#ãÓã‚ã Ð¢ÐÐ¢ÒÀÐ¢&æöFUöÖöGVÆW2÷w2#¢°Ð¢'fW'6–öâ#¢#‚ã#ã"ÀÐ¢'&W6öÇfVB#¢&‡GG3¢ò÷&Vv—7G'’æçÖ§2æ÷&r÷w2òÒ÷w2Ó‚ã#ãçFw¢"ÀÐ¢&–çFVw&—G’#¢'6†S"Õg7#†#tE&6–Ôeg'S%vV³7£•—„D5w…”#…6æ²õ3E&f5¥u”$çUf¤¥c66CeV”·EWGg4äÓsvuwg¦44‚¶sÓÒ"ÀÐ¢&Æ–6Vç6R#¢$Ô•B"ÀÐ¢&Væv–æW2#¢°Ð¢&æöFR#¢#ãÓãã Ð¢ÒÀÐ¢'VW$FWVæFVæ6–W2#¢°Ð¢&'VffW'WF–Â#¢%ãBãã"ÀÐ¢'WFbÓ‚×fÆ–FFR#¢#ãÓRãã" Ð¢ÒÀÐ¢'VW$FWVæFVæ6–W4ÖWF#¢°Ð¢&'VffW'WF–Â#¢°Ð¢&÷F–öæÂ#¢G'VPÐ¢ÒÀÐ¢'WFbÓ‚×fÆ–FFR#¢°Ð¢&÷F–öæÂ#¢G'VPÐ¢ÐÐ¢ÐÐ¢ÒÀÐ¢&æöFUöÖöGVÆW2÷†ÖÆ‡GG&WVW7B×76Â#¢°Ð¢'fW'6–öâ#¢#"ãã""ÀÐ¢'&W6öÇfVB#¢&‡GG3¢ò÷&Vv—7G'’æçÖ§2æ÷&r÷†ÖÆ‡GG&WVW7B×76ÂòÒ÷†ÖÆ‡GG&WVW7B×76ÂÓ"ãã"çFw¢"ÀÐ¢&–çFVw&—G’#¢'6†S"ÕDUR¶ä¥eUVäD5”¤dÇd³Uƒ”öTƒD·dGf„–fÓecv'F6†äs†t³W†‡r÷†§c†7Våu”76•54G¤ö%–„Ww4µÓÒ"ÀÐ¢&Væv–æW2#¢°Ð¢&æöFR#¢#ãÓãBã Ð¢ÐÐ¢ÐÐ¢ÐÐ§ÐÐ